
Microsoft Visual Studio Solution File, Format Version 12.00
# Visual Studio Version 17
VisualStudioVersion = 17.7.34024.191
MinimumVisualStudioVersion = 10.0.40219.1
Project("{FAE04EC0-301F-11D3-BF4B-00C04F79EFBC}") = "31.08.23", "31.08.23\31.08.23.csproj", "{CC3E6EA3-18A1-4509-96A2-AA9D0BD6ABAC}"
EndProject
Global
	GlobalSection(SolutionConfigurationPlatforms) = preSolution
		Debug|Any CPU = Debug|Any CPU
		Release|Any CPU = Release|Any CPU
	EndGlobalSection
	GlobalSection(ProjectConfigurationPlatforms) = postSolution
		{CC3E6EA3-18A1-4509-96A2-AA9D0BD6ABAC}.Debug|Any CPU.ActiveCfg = Debug|Any CPU
		{CC3E6EA3-18A1-4509-96A2-AA9D0BD6ABAC}.Debug|Any CPU.Build.0 = Debug|Any CPU
		{CC3E6EA3-18A1-4509-96A2-AA9D0BD6ABAC}.Release|Any CPU.ActiveCfg = Release|Any CPU
		{CC3E6EA3-18A1-4509-96A2-AA9D0BD6ABAC}.Release|Any CPU.Build.0 = Release|Any CPU
	EndGlobalSection
	GlobalSection(SolutionProperties) = preSolution
		HideSolutionNode = FALSE
	EndGlobalSection
	GlobalSection(ExtensibilityGlobals) = postSolution
		SolutionGuid = {4462FA8F-3443-4665-8AFB-8A3D88A0C6DF}
	EndGlobalSection
EndGlobal
