
Microsoft Visual Studio Solution File, Format Version 12.00
# Visual Studio Version 17
VisualStudioVersion = 17.7.34009.444
MinimumVisualStudioVersion = 10.0.40219.1
Project("{FAE04EC0-301F-11D3-BF4B-00C04F79EFBC}") = "12-Login", "12-Login\12-Login.csproj", "{116823B8-0F68-4A34-8E3F-61C41E9802F5}"
EndProject
Global
	GlobalSection(SolutionConfigurationPlatforms) = preSolution
		Debug|Any CPU = Debug|Any CPU
		Release|Any CPU = Release|Any CPU
	EndGlobalSection
	GlobalSection(ProjectConfigurationPlatforms) = postSolution
		{116823B8-0F68-4A34-8E3F-61C41E9802F5}.Debug|Any CPU.ActiveCfg = Debug|Any CPU
		{116823B8-0F68-4A34-8E3F-61C41E9802F5}.Debug|Any CPU.Build.0 = Debug|Any CPU
		{116823B8-0F68-4A34-8E3F-61C41E9802F5}.Release|Any CPU.ActiveCfg = Release|Any CPU
		{116823B8-0F68-4A34-8E3F-61C41E9802F5}.Release|Any CPU.Build.0 = Release|Any CPU
	EndGlobalSection
	GlobalSection(SolutionProperties) = preSolution
		HideSolutionNode = FALSE
	EndGlobalSection
	GlobalSection(ExtensibilityGlobals) = postSolution
		SolutionGuid = {A3173AC5-C6CC-4582-B1D0-182C9585B84A}
	EndGlobalSection
EndGlobal
